
Microsoft Visual Studio Solution File, Format Version 12.00
# Visual Studio 15
Project("{FAE04EC0-301F-11D3-BF4B-00C04F79EFBC}") = "Assembly-CSharp", "Assembly-CSharp.csproj", "{67D2C239-833C-0B6A-3D55-D61E078068C7}"
EndProject
Project("{FAE04EC0-301F-11D3-BF4B-00C04F79EFBC}") = "Assembly-CSharp-firstpass", "Assembly-CSharp-firstpass.csproj", "{F6E749A1-B6D6-C8DB-9B62-8927D28D676C}"
EndProject
Project("{FAE04EC0-301F-11D3-BF4B-00C04F79EFBC}") = "Assembly-CSharp-Editor", "Assembly-CSharp-Editor.csproj", "{A35A07FB-A4AF-819E-A268-4F69461DA366}"
EndProject
Project("{FAE04EC0-301F-11D3-BF4B-00C04F79EFBC}") = "Assembly-CSharp-Editor-firstpass", "Assembly-CSharp-Editor-firstpass.csproj", "{3746700B-01D0-7A0A-4C19-8DC7283AAF9F}"
EndProject
Global
	GlobalSection(SolutionConfigurationPlatforms) = preSolution
		Debug|Any CPU = Debug|Any CPU
		Release|Any CPU = Release|Any CPU
	EndGlobalSection
	GlobalSection(ProjectConfigurationPlatforms) = postSolution
		{67D2C239-833C-0B6A-3D55-D61E078068C7}.Debug|Any CPU.ActiveCfg = Debug|Any CPU
		{67D2C239-833C-0B6A-3D55-D61E078068C7}.Debug|Any CPU.Build.0 = Debug|Any CPU
		{67D2C239-833C-0B6A-3D55-D61E078068C7}.Release|Any CPU.ActiveCfg = Release|Any CPU
		{67D2C239-833C-0B6A-3D55-D61E078068C7}.Release|Any CPU.Build.0 = Release|Any CPU
		{F6E749A1-B6D6-C8DB-9B62-8927D28D676C}.Debug|Any CPU.ActiveCfg = Debug|Any CPU
		{F6E749A1-B6D6-C8DB-9B62-8927D28D676C}.Debug|Any CPU.Build.0 = Debug|Any CPU
		{F6E749A1-B6D6-C8DB-9B62-8927D28D676C}.Release|Any CPU.ActiveCfg = Release|Any CPU
		{F6E749A1-B6D6-C8DB-9B62-8927D28D676C}.Release|Any CPU.Build.0 = Release|Any CPU
		{A35A07FB-A4AF-819E-A268-4F69461DA366}.Debug|Any CPU.ActiveCfg = Debug|Any CPU
		{A35A07FB-A4AF-819E-A268-4F69461DA366}.Debug|Any CPU.Build.0 = Debug|Any CPU
		{A35A07FB-A4AF-819E-A268-4F69461DA366}.Release|Any CPU.ActiveCfg = Release|Any CPU
		{A35A07FB-A4AF-819E-A268-4F69461DA366}.Release|Any CPU.Build.0 = Release|Any CPU
		{3746700B-01D0-7A0A-4C19-8DC7283AAF9F}.Debug|Any CPU.ActiveCfg = Debug|Any CPU
		{3746700B-01D0-7A0A-4C19-8DC7283AAF9F}.Debug|Any CPU.Build.0 = Debug|Any CPU
		{3746700B-01D0-7A0A-4C19-8DC7283AAF9F}.Release|Any CPU.ActiveCfg = Release|Any CPU
		{3746700B-01D0-7A0A-4C19-8DC7283AAF9F}.Release|Any CPU.Build.0 = Release|Any CPU
	EndGlobalSection
	GlobalSection(SolutionProperties) = preSolution
		HideSolutionNode = FALSE
	EndGlobalSection
EndGlobal
